{
  "name": "bench",
  "version": "1.0.0",
  "lockfileVersion": 2,
  "requires": true,
  "packages": {
    "": {
      "version": "1.0.0",
      "license": "ISC",
      "dependencies": {
        "@mohism/bench": "^1.1.3",
        "benchmark": "^2.1.4",
        "dayjs": "^1.8.17",
        "lodash": "^4.17.21",
        "moment": "^2.24.0"
      }
    },
    "node_modules/@mohism/bench": {
      "version": "1.1.3",
      "resolved": "https://registry.npmjs.org/@mohism/bench/-/bench-1.1.3.tgz",
      "integrity": "sha512-8NYhLtUU3k8ecXKZQt5diGxTpTRt7iI4jddOlEytY29T+iVQoBnBqQqUb3/ozy5wAqCwWvV9zwmF2wLWCOkW4Q==",
      "dependencies": {
        "@types/benchmark": "^1.0.31",
        "benchmark": "^2.1.4"
      }
    },
    "node_modules/@types/benchmark": {
      "version": "1.0.31",
      "resolved": "https://registry.npmjs.org/@types/benchmark/-/benchmark-1.0.31.tgz",
      "integrity": "sha512-F6fVNOkGEkSdo/19yWYOwVKGvzbTeWkR/XQYBKtGBQ9oGRjBN9f/L4aJI4sDcVPJO58Y1CJZN8va9V2BhrZapA=="
    },
    "node_modules/benchmark": {
      "version": "2.1.4",
      "resolved": "https://registry.npmjs.org/benchmark/-/benchmark-2.1.4.tgz",
      "integrity": "sha1-CfPeMckWQl1JjMLuVloOvzwqVik=",
      "dependencies": {
        "lodash": "^4.17.4",
        "platform": "^1.3.3"
      }
    },
    "node_modules/dayjs": {
      "version": "1.8.17",
      "resolved": "https://registry.npmjs.org/dayjs/-/dayjs-1.8.17.tgz",
      "integrity": "sha512-47VY/htqYqr9GHd7HW/h56PpQzRBSJcxIQFwqL3P20bMF/3az5c3PWdVY3LmPXFl6cQCYHL7c79b9ov+2bOBbw=="
    },
    "node_modules/lodash": {
      "version": "4.17.21",
      "resolved": "https://registry.npmjs.org/lodash/-/lodash-4.17.21.tgz",
      "integrity": "sha512-v2kDEe57lecTulaDIuNTPy3Ry4gLGJ6Z1O3vE1krgXZNrsQ+LFTGHVxVjcXPs17LhbZVGedAJv8XZ1tvj5FvSg=="
    },
    "node_modules/moment": {
      "version": "2.24.0",
      "resolved": "https://registry.npmjs.org/moment/-/moment-2.24.0.tgz",
      "integrity": "sha512-bV7f+6l2QigeBBZSM/6yTNq4P2fNpSWj/0e7jQcy87A8e7o2nAfP/34/2ky5Vw4B9S446EtIhodAzkFCcR4dQg==",
      "engines": {
        "node": "*"
      }
    },
    "node_modules/platform": {
      "version": "1.3.5",
      "resolved": "https://registry.npmjs.org/platform/-/platform-1.3.5.tgz",
      "integrity": "sha512-TuvHS8AOIZNAlE77WUDiR4rySV/VMptyMfcfeoMgs4P8apaZM3JrnbzBiixKUv+XR6i+BXrQh8WAnjaSPFO65Q=="
    }
  },
  "dependencies": {
    "@mohism/bench": {
      "version": "1.1.3",
      "resolved": "https://registry.npmjs.org/@mohism/bench/-/bench-1.1.3.tgz",
      "integrity": "sha512-8NYhLtUU3k8ecXKZQt5diGxTpTRt7iI4jddOlEytY29T+iVQoBnBqQqUb3/ozy5wAqCwWvV9zwmF2wLWCOkW4Q==",
      "requires": {
        "@types/benchmark": "^1.0.31",
        "benchmark": "^2.1.4"
      }
    },
    "@types/benchmark": {
      "version": "1.0.31",
      "resolved": "https://registry.npmjs.org/@types/benchmark/-/benchmark-1.0.31.tgz",
      "integrity": "sha512-F6fVNOkGEkSdo/19yWYOwVKGvzbTeWkR/XQYBKtGBQ9oGRjBN9f/L4aJI4sDcVPJO58Y1CJZN8va9V2BhrZapA=="
    },
    "benchmark": {
      "version": "2.1.4",
      "resolved": "https://registry.npmjs.org/benchmark/-/benchmark-2.1.4.tgz",
      "integrity": "sha1-CfPeMckWQl1JjMLuVloOvzwqVik=",
      "requires": {
        "lodash": "^4.17.4",
        "platform": "^1.3.3"
      }
    },
    "dayjs": {
      "version": "1.8.17",
      "resolved": "https://registry.npmjs.org/dayjs/-/dayjs-1.8.17.tgz",
      "integrity": "sha512-47VY/htqYqr9GHd7HW/h56PpQzRBSJcxIQFwqL3P20bMF/3az5c3PWdVY3LmPXFl6cQCYHL7c79b9ov+2bOBbw=="
    },
    "lodash": {
      "version": "4.17.21",
      "resolved": "https://registry.npmjs.org/lodash/-/lodash-4.17.21.tgz",
      "integrity": "sha512-v2kDEe57lecTulaDIuNTPy3Ry4gLGJ6Z1O3vE1krgXZNrsQ+LFTGHVxVjcXPs17LhbZVGedAJv8XZ1tvj5FvSg=="
    },
    "moment": {
      "version": "2.24.0",
      "resolved": "https://registry.npmjs.org/moment/-/moment-2.24.0.tgz",
      "integrity": "sha512-bV7f+6l2QigeBBZSM/6yTNq4P2fNpSWj/0e7jQcy87A8e7o2nAfP/34/2ky5Vw4B9S446EtIhodAzkFCcR4dQg=="
    },
    "platform": {
      "version": "1.3.5",
      "resolved": "https://registry.npmjs.org/platform/-/platform-1.3.5.tgz",
      "integrity": "sha512-TuvHS8AOIZNAlE77WUDiR4rySV/VMptyMfcfeoMgs4P8apaZM3JrnbzBiixKUv+XR6i+BXrQh8WAnjaSPFO65Q=="
    }
  }
}
